
Microsoft Visual Studio Solution File, Format Version 12.00
# Visual Studio 15
VisualStudioVersion = 15.0.28307.421
MinimumVisualStudioVersion = 10.0.40219.1
Project("{2150E333-8FDC-42A3-9474-1A3956D46DE8}") = "1-Presentation", "1-Presentation", "{C9CD6367-A4B8-40CC-929A-73D7B04441E5}"
EndProject
Project("{2150E333-8FDC-42A3-9474-1A3956D46DE8}") = "3-Domain", "3-Domain", "{66526435-8A22-4E03-B126-B45878DC136C}"
EndProject
Project("{2150E333-8FDC-42A3-9474-1A3956D46DE8}") = "4-Infra", "4-Infra", "{DBC66D50-5172-4AFB-BFB4-45CF764D9D31}"
EndProject
Project("{2150E333-8FDC-42A3-9474-1A3956D46DE8}") = "4.1-Data", "4.1-Data", "{24D5C95D-8CD5-4720-AA04-35467CFAC222}"
EndProject
Project("{2150E333-8FDC-42A3-9474-1A3956D46DE8}") = "4.2-CrossCutting", "4.2-CrossCutting", "{404FFED9-EB2D-4EBB-9729-851ECBCEA71D}"
EndProject
Project("{9A19103F-16F7-4668-BE54-9A1E7A4F7556}") = "PlaySports.Domain", "src\Mutant.Test.Domain\PlaySports.Domain.csproj", "{D8CB917B-21CA-4B29-8589-2F83BF298D31}"
EndProject
Project("{9A19103F-16F7-4668-BE54-9A1E7A4F7556}") = "PlaySports.Domain.Core", "src\Mutant.Test.Domain.Core\PlaySports.Domain.Core.csproj", "{765AE977-947A-4DDA-A66E-F650CEBEFB40}"
EndProject
Project("{9A19103F-16F7-4668-BE54-9A1E7A4F7556}") = "PlaySports.Infra.Data", "src\Mutant.Test.Infra.Data\PlaySports.Infra.Data.csproj", "{2831793F-6BD2-4763-B550-4E9E7AFF9477}"
EndProject
Project("{9A19103F-16F7-4668-BE54-9A1E7A4F7556}") = "PlaySports.Infra.CrossCutting.IoC", "src\Mutant.Test.Infra.CrossCutting.IoC\PlaySports.Infra.CrossCutting.IoC.csproj", "{C87A6DF6-016E-4705-927A-CEB88B188475}"
EndProject
Project("{9A19103F-16F7-4668-BE54-9A1E7A4F7556}") = "PlaySports.Infra.CrossCutting.Bus", "src\Mutant.Test.Infra.CrossCutting.Bus\PlaySports.Infra.CrossCutting.Bus.csproj", "{55DC8442-299F-491E-ABA0-48BF504A2EF2}"
EndProject
Project("{9A19103F-16F7-4668-BE54-9A1E7A4F7556}") = "PlaySports", "src\Mutant.Test.UI.MvcCore\PlaySports.csproj", "{2E85A874-EDBC-4CA7-A79A-9BC1A0F46E43}"
EndProject
Project("{2150E333-8FDC-42A3-9474-1A3956D46DE8}") = "2-Application", "2-Application", "{5AB0EC5C-9278-48C9-BD54-05C99484B428}"
EndProject
Project("{9A19103F-16F7-4668-BE54-9A1E7A4F7556}") = "PlaySports.Application", "src\Mutant.Test.Application\PlaySports.Application.csproj", "{000BE584-1002-4F36-92AA-12462562A438}"
EndProject
Project("{262852C6-CD72-467D-83FE-5EEB1973A190}") = "Cordova", "Cordova\Cordova.jsproj", "{19238201-C3F8-45C1-A5BC-5F824D3A1EDB}"
EndProject
Global
	GlobalSection(SolutionConfigurationPlatforms) = preSolution
		Debug|Android = Debug|Android
		Debug|Any CPU = Debug|Any CPU
		Debug|iOS = Debug|iOS
		Debug|Windows-ARM = Debug|Windows-ARM
		Debug|Windows-x64 = Debug|Windows-x64
		Debug|Windows-x86 = Debug|Windows-x86
		Release|Android = Release|Android
		Release|Any CPU = Release|Any CPU
		Release|iOS = Release|iOS
		Release|Windows-ARM = Release|Windows-ARM
		Release|Windows-x64 = Release|Windows-x64
		Release|Windows-x86 = Release|Windows-x86
	EndGlobalSection
	GlobalSection(ProjectConfigurationPlatforms) = postSolution
		{D8CB917B-21CA-4B29-8589-2F83BF298D31}.Debug|Android.ActiveCfg = Debug|Any CPU
		{D8CB917B-21CA-4B29-8589-2F83BF298D31}.Debug|Android.Build.0 = Debug|Any CPU
		{D8CB917B-21CA-4B29-8589-2F83BF298D31}.Debug|Any CPU.ActiveCfg = Debug|Any CPU
		{D8CB917B-21CA-4B29-8589-2F83BF298D31}.Debug|Any CPU.Build.0 = Debug|Any CPU
		{D8CB917B-21CA-4B29-8589-2F83BF298D31}.Debug|iOS.ActiveCfg = Debug|Any CPU
		{D8CB917B-21CA-4B29-8589-2F83BF298D31}.Debug|iOS.Build.0 = Debug|Any CPU
		{D8CB917B-21CA-4B29-8589-2F83BF298D31}.Debug|Windows-ARM.ActiveCfg = Debug|Any CPU
		{D8CB917B-21CA-4B29-8589-2F83BF298D31}.Debug|Windows-ARM.Build.0 = Debug|Any CPU
		{D8CB917B-21CA-4B29-8589-2F83BF298D31}.Debug|Windows-x64.ActiveCfg = Debug|Any CPU
		{D8CB917B-21CA-4B29-8589-2F83BF298D31}.Debug|Windows-x64.Build.0 = Debug|Any CPU
		{D8CB917B-21CA-4B29-8589-2F83BF298D31}.Debug|Windows-x86.ActiveCfg = Debug|Any CPU
		{D8CB917B-21CA-4B29-8589-2F83BF298D31}.Debug|Windows-x86.Build.0 = Debug|Any CPU
		{D8CB917B-21CA-4B29-8589-2F83BF298D31}.Release|Android.ActiveCfg = Release|Any CPU
		{D8CB917B-21CA-4B29-8589-2F83BF298D31}.Release|Android.Build.0 = Release|Any CPU
		{D8CB917B-21CA-4B29-8589-2F83BF298D31}.Release|Any CPU.ActiveCfg = Release|Any CPU
		{D8CB917B-21CA-4B29-8589-2F83BF298D31}.Release|Any CPU.Build.0 = Release|Any CPU
		{D8CB917B-21CA-4B29-8589-2F83BF298D31}.Release|iOS.ActiveCfg = Release|Any CPU
		{D8CB917B-21CA-4B29-8589-2F83BF298D31}.Release|iOS.Build.0 = Release|Any CPU
		{D8CB917B-21CA-4B29-8589-2F83BF298D31}.Release|Windows-ARM.ActiveCfg = Release|Any CPU
		{D8CB917B-21CA-4B29-8589-2F83BF298D31}.Release|Windows-ARM.Build.0 = Release|Any CPU
		{D8CB917B-21CA-4B29-8589-2F83BF298D31}.Release|Windows-x64.ActiveCfg = Release|Any CPU
		{D8CB917B-21CA-4B29-8589-2F83BF298D31}.Release|Windows-x64.Build.0 = Release|Any CPU
		{D8CB917B-21CA-4B29-8589-2F83BF298D31}.Release|Windows-x86.ActiveCfg = Release|Any CPU
		{D8CB917B-21CA-4B29-8589-2F83BF298D31}.Release|Windows-x86.Build.0 = Release|Any CPU
		{765AE977-947A-4DDA-A66E-F650CEBEFB40}.Debug|Android.ActiveCfg = Debug|Any CPU
		{765AE977-947A-4DDA-A66E-F650CEBEFB40}.Debug|Android.Build.0 = Debug|Any CPU
		{765AE977-947A-4DDA-A66E-F650CEBEFB40}.Debug|Any CPU.ActiveCfg = Debug|Any CPU
		{765AE977-947A-4DDA-A66E-F650CEBEFB40}.Debug|Any CPU.Build.0 = Debug|Any CPU
		{765AE977-947A-4DDA-A66E-F650CEBEFB40}.Debug|iOS.ActiveCfg = Debug|Any CPU
		{765AE977-947A-4DDA-A66E-F650CEBEFB40}.Debug|iOS.Build.0 = Debug|Any CPU
		{765AE977-947A-4DDA-A66E-F650CEBEFB40}.Debug|Windows-ARM.ActiveCfg = Debug|Any CPU
		{765AE977-947A-4DDA-A66E-F650CEBEFB40}.Debug|Windows-ARM.Build.0 = Debug|Any CPU
		{765AE977-947A-4DDA-A66E-F650CEBEFB40}.Debug|Windows-x64.ActiveCfg = Debug|Any CPU
		{765AE977-947A-4DDA-A66E-F650CEBEFB40}.Debug|Windows-x64.Build.0 = Debug|Any CPU
		{765AE977-947A-4DDA-A66E-F650CEBEFB40}.Debug|Windows-x86.ActiveCfg = Debug|Any CPU
		{765AE977-947A-4DDA-A66E-F650CEBEFB40}.Debug|Windows-x86.Build.0 = Debug|Any CPU
		{765AE977-947A-4DDA-A66E-F650CEBEFB40}.Release|Android.ActiveCfg = Release|Any CPU
		{765AE977-947A-4DDA-A66E-F650CEBEFB40}.Release|Android.Build.0 = Release|Any CPU
		{765AE977-947A-4DDA-A66E-F650CEBEFB40}.Release|Any CPU.ActiveCfg = Release|Any CPU
		{765AE977-947A-4DDA-A66E-F650CEBEFB40}.Release|Any CPU.Build.0 = Release|Any CPU
		{765AE977-947A-4DDA-A66E-F650CEBEFB40}.Release|iOS.ActiveCfg = Release|Any CPU
		{765AE977-947A-4DDA-A66E-F650CEBEFB40}.Release|iOS.Build.0 = Release|Any CPU
		{765AE977-947A-4DDA-A66E-F650CEBEFB40}.Release|Windows-ARM.ActiveCfg = Release|Any CPU
		{765AE977-947A-4DDA-A66E-F650CEBEFB40}.Release|Windows-ARM.Build.0 = Release|Any CPU
		{765AE977-947A-4DDA-A66E-F650CEBEFB40}.Release|Windows-x64.ActiveCfg = Release|Any CPU
		{765AE977-947A-4DDA-A66E-F650CEBEFB40}.Release|Windows-x64.Build.0 = Release|Any CPU
		{765AE977-947A-4DDA-A66E-F650CEBEFB40}.Release|Windows-x86.ActiveCfg = Release|Any CPU
		{765AE977-947A-4DDA-A66E-F650CEBEFB40}.Release|Windows-x86.Build.0 = Release|Any CPU
		{2831793F-6BD2-4763-B550-4E9E7AFF9477}.Debug|Android.ActiveCfg = Debug|Any CPU
		{2831793F-6BD2-4763-B550-4E9E7AFF9477}.Debug|Android.Build.0 = Debug|Any CPU
		{2831793F-6BD2-4763-B550-4E9E7AFF9477}.Debug|Any CPU.ActiveCfg = Debug|Any CPU
		{2831793F-6BD2-4763-B550-4E9E7AFF9477}.Debug|Any CPU.Build.0 = Debug|Any CPU
		{2831793F-6BD2-4763-B550-4E9E7AFF9477}.Debug|iOS.ActiveCfg = Debug|Any CPU
		{2831793F-6BD2-4763-B550-4E9E7AFF9477}.Debug|iOS.Build.0 = Debug|Any CPU
		{2831793F-6BD2-4763-B550-4E9E7AFF9477}.Debug|Windows-ARM.ActiveCfg = Debug|Any CPU
		{2831793F-6BD2-4763-B550-4E9E7AFF9477}.Debug|Windows-ARM.Build.0 = Debug|Any CPU
		{2831793F-6BD2-4763-B550-4E9E7AFF9477}.Debug|Windows-x64.ActiveCfg = Debug|Any CPU
		{2831793F-6BD2-4763-B550-4E9E7AFF9477}.Debug|Windows-x64.Build.0 = Debug|Any CPU
		{2831793F-6BD2-4763-B550-4E9E7AFF9477}.Debug|Windows-x86.ActiveCfg = Debug|Any CPU
		{2831793F-6BD2-4763-B550-4E9E7AFF9477}.Debug|Windows-x86.Build.0 = Debug|Any CPU
		{2831793F-6BD2-4763-B550-4E9E7AFF9477}.Release|Android.ActiveCfg = Release|Any CPU
		{2831793F-6BD2-4763-B550-4E9E7AFF9477}.Release|Android.Build.0 = Release|Any CPU
		{2831793F-6BD2-4763-B550-4E9E7AFF9477}.Release|Any CPU.ActiveCfg = Release|Any CPU
		{2831793F-6BD2-4763-B550-4E9E7AFF9477}.Release|Any CPU.Build.0 = Release|Any CPU
		{2831793F-6BD2-4763-B550-4E9E7AFF9477}.Release|iOS.ActiveCfg = Release|Any CPU
		{2831793F-6BD2-4763-B550-4E9E7AFF9477}.Release|iOS.Build.0 = Release|Any CPU
		{2831793F-6BD2-4763-B550-4E9E7AFF9477}.Release|Windows-ARM.ActiveCfg = Release|Any CPU
		{2831793F-6BD2-4763-B550-4E9E7AFF9477}.Release|Windows-ARM.Build.0 = Release|Any CPU
		{2831793F-6BD2-4763-B550-4E9E7AFF9477}.Release|Windows-x64.ActiveCfg = Release|Any CPU
		{2831793F-6BD2-4763-B550-4E9E7AFF9477}.Release|Windows-x64.Build.0 = Release|Any CPU
		{2831793F-6BD2-4763-B550-4E9E7AFF9477}.Release|Windows-x86.ActiveCfg = Release|Any CPU
		{2831793F-6BD2-4763-B550-4E9E7AFF9477}.Release|Windows-x86.Build.0 = Release|Any CPU
		{C87A6DF6-016E-4705-927A-CEB88B188475}.Debug|Android.ActiveCfg = Debug|Any CPU
		{C87A6DF6-016E-4705-927A-CEB88B188475}.Debug|Android.Build.0 = Debug|Any CPU
		{C87A6DF6-016E-4705-927A-CEB88B188475}.Debug|Any CPU.ActiveCfg = Debug|Any CPU
		{C87A6DF6-016E-4705-927A-CEB88B188475}.Debug|Any CPU.Build.0 = Debug|Any CPU
		{C87A6DF6-016E-4705-927A-CEB88B188475}.Debug|iOS.ActiveCfg = Debug|Any CPU
		{C87A6DF6-016E-4705-927A-CEB88B188475}.Debug|iOS.Build.0 = Debug|Any CPU
		{C87A6DF6-016E-4705-927A-CEB88B188475}.Debug|Windows-ARM.ActiveCfg = Debug|Any CPU
		{C87A6DF6-016E-4705-927A-CEB88B188475}.Debug|Windows-ARM.Build.0 = Debug|Any CPU
		{C87A6DF6-016E-4705-927A-CEB88B188475}.Debug|Windows-x64.ActiveCfg = Debug|Any CPU
		{C87A6DF6-016E-4705-927A-CEB88B188475}.Debug|Windows-x64.Build.0 = Debug|Any CPU
		{C87A6DF6-016E-4705-927A-CEB88B188475}.Debug|Windows-x86.ActiveCfg = Debug|Any CPU
		{C87A6DF6-016E-4705-927A-CEB88B188475}.Debug|Windows-x86.Build.0 = Debug|Any CPU
		{C87A6DF6-016E-4705-927A-CEB88B188475}.Release|Android.ActiveCfg = Release|Any CPU
		{C87A6DF6-016E-4705-927A-CEB88B188475}.Release|Android.Build.0 = Release|Any CPU
		{C87A6DF6-016E-4705-927A-CEB88B188475}.Release|Any CPU.ActiveCfg = Release|Any CPU
		{C87A6DF6-016E-4705-927A-CEB88B188475}.Release|Any CPU.Build.0 = Release|Any CPU
		{C87A6DF6-016E-4705-927A-CEB88B188475}.Release|iOS.ActiveCfg = Release|Any CPU
		{C87A6DF6-016E-4705-927A-CEB88B188475}.Release|iOS.Build.0 = Release|Any CPU
		{C87A6DF6-016E-4705-927A-CEB88B188475}.Release|Windows-ARM.ActiveCfg = Release|Any CPU
		{C87A6DF6-016E-4705-927A-CEB88B188475}.Release|Windows-ARM.Build.0 = Release|Any CPU
		{C87A6DF6-016E-4705-927A-CEB88B188475}.Release|Windows-x64.ActiveCfg = Release|Any CPU
		{C87A6DF6-016E-4705-927A-CEB88B188475}.Release|Windows-x64.Build.0 = Release|Any CPU
		{C87A6DF6-016E-4705-927A-CEB88B188475}.Release|Windows-x86.ActiveCfg = Release|Any CPU
		{C87A6DF6-016E-4705-927A-CEB88B188475}.Release|Windows-x86.Build.0 = Release|Any CPU
		{55DC8442-299F-491E-ABA0-48BF504A2EF2}.Debug|Android.ActiveCfg = Debug|Any CPU
		{55DC8442-299F-491E-ABA0-48BF504A2EF2}.Debug|Android.Build.0 = Debug|Any CPU
		{55DC8442-299F-491E-ABA0-48BF504A2EF2}.Debug|Any CPU.ActiveCfg = Debug|Any CPU
		{55DC8442-299F-491E-ABA0-48BF504A2EF2}.Debug|Any CPU.Build.0 = Debug|Any CPU
		{55DC8442-299F-491E-ABA0-48BF504A2EF2}.Debug|iOS.ActiveCfg = Debug|Any CPU
		{55DC8442-299F-491E-ABA0-48BF504A2EF2}.Debug|iOS.Build.0 = Debug|Any CPU
		{55DC8442-299F-491E-ABA0-48BF504A2EF2}.Debug|Windows-ARM.ActiveCfg = Debug|Any CPU
		{55DC8442-299F-491E-ABA0-48BF504A2EF2}.Debug|Windows-ARM.Build.0 = Debug|Any CPU
		{55DC8442-299F-491E-ABA0-48BF504A2EF2}.Debug|Windows-x64.ActiveCfg = Debug|Any CPU
		{55DC8442-299F-491E-ABA0-48BF504A2EF2}.Debug|Windows-x64.Build.0 = Debug|Any CPU
		{55DC8442-299F-491E-ABA0-48BF504A2EF2}.Debug|Windows-x86.ActiveCfg = Debug|Any CPU
		{55DC8442-299F-491E-ABA0-48BF504A2EF2}.Debug|Windows-x86.Build.0 = Debug|Any CPU
		{55DC8442-299F-491E-ABA0-48BF504A2EF2}.Release|Android.ActiveCfg = Release|Any CPU
		{55DC8442-299F-491E-ABA0-48BF504A2EF2}.Release|Android.Build.0 = Release|Any CPU
		{55DC8442-299F-491E-ABA0-48BF504A2EF2}.Release|Any CPU.ActiveCfg = Release|Any CPU
		{55DC8442-299F-491E-ABA0-48BF504A2EF2}.Release|Any CPU.Build.0 = Release|Any CPU
		{55DC8442-299F-491E-ABA0-48BF504A2EF2}.Release|iOS.ActiveCfg = Release|Any CPU
		{55DC8442-299F-491E-ABA0-48BF504A2EF2}.Release|iOS.Build.0 = Release|Any CPU
		{55DC8442-299F-491E-ABA0-48BF504A2EF2}.Release|Windows-ARM.ActiveCfg = Release|Any CPU
		{55DC8442-299F-491E-ABA0-48BF504A2EF2}.Release|Windows-ARM.Build.0 = Release|Any CPU
		{55DC8442-299F-491E-ABA0-48BF504A2EF2}.Release|Windows-x64.ActiveCfg = Release|Any CPU
		{55DC8442-299F-491E-ABA0-48BF504A2EF2}.Release|Windows-x64.Build.0 = Release|Any CPU
		{55DC8442-299F-491E-ABA0-48BF504A2EF2}.Release|Windows-x86.ActiveCfg = Release|Any CPU
		{55DC8442-299F-491E-ABA0-48BF504A2EF2}.Release|Windows-x86.Build.0 = Release|Any CPU
		{2E85A874-EDBC-4CA7-A79A-9BC1A0F46E43}.Debug|Android.ActiveCfg = Debug|Any CPU
		{2E85A874-EDBC-4CA7-A79A-9BC1A0F46E43}.Debug|Android.Build.0 = Debug|Any CPU
		{2E85A874-EDBC-4CA7-A79A-9BC1A0F46E43}.Debug|Any CPU.ActiveCfg = Debug|Any CPU
		{2E85A874-EDBC-4CA7-A79A-9BC1A0F46E43}.Debug|Any CPU.Build.0 = Debug|Any CPU
		{2E85A874-EDBC-4CA7-A79A-9BC1A0F46E43}.Debug|iOS.ActiveCfg = Debug|Any CPU
		{2E85A874-EDBC-4CA7-A79A-9BC1A0F46E43}.Debug|iOS.Build.0 = Debug|Any CPU
		{2E85A874-EDBC-4CA7-A79A-9BC1A0F46E43}.Debug|Windows-ARM.ActiveCfg = Debug|Any CPU
		{2E85A874-EDBC-4CA7-A79A-9BC1A0F46E43}.Debug|Windows-ARM.Build.0 = Debug|Any CPU
		{2E85A874-EDBC-4CA7-A79A-9BC1A0F46E43}.Debug|Windows-x64.ActiveCfg = Debug|Any CPU
		{2E85A874-EDBC-4CA7-A79A-9BC1A0F46E43}.Debug|Windows-x64.Build.0 = Debug|Any CPU
		{2E85A874-EDBC-4CA7-A79A-9BC1A0F46E43}.Debug|Windows-x86.ActiveCfg = Debug|Any CPU
		{2E85A874-EDBC-4CA7-A79A-9BC1A0F46E43}.Debug|Windows-x86.Build.0 = Debug|Any CPU
		{2E85A874-EDBC-4CA7-A79A-9BC1A0F46E43}.Release|Android.ActiveCfg = Release|Any CPU
		{2E85A874-EDBC-4CA7-A79A-9BC1A0F46E43}.Release|Android.Build.0 = Release|Any CPU
		{2E85A874-EDBC-4CA7-A79A-9BC1A0F46E43}.Release|Any CPU.ActiveCfg = Release|Any CPU
		{2E85A874-EDBC-4CA7-A79A-9BC1A0F46E43}.Release|Any CPU.Build.0 = Release|Any CPU
		{2E85A874-EDBC-4CA7-A79A-9BC1A0F46E43}.Release|iOS.ActiveCfg = Release|Any CPU
		{2E85A874-EDBC-4CA7-A79A-9BC1A0F46E43}.Release|iOS.Build.0 = Release|Any CPU
		{2E85A874-EDBC-4CA7-A79A-9BC1A0F46E43}.Release|Windows-ARM.ActiveCfg = Release|Any CPU
		{2E85A874-EDBC-4CA7-A79A-9BC1A0F46E43}.Release|Windows-ARM.Build.0 = Release|Any CPU
		{2E85A874-EDBC-4CA7-A79A-9BC1A0F46E43}.Release|Windows-x64.ActiveCfg = Release|Any CPU
		{2E85A874-EDBC-4CA7-A79A-9BC1A0F46E43}.Release|Windows-x64.Build.0 = Release|Any CPU
		{2E85A874-EDBC-4CA7-A79A-9BC1A0F46E43}.Release|Windows-x86.ActiveCfg = Release|Any CPU
		{2E85A874-EDBC-4CA7-A79A-9BC1A0F46E43}.Release|Windows-x86.Build.0 = Release|Any CPU
		{000BE584-1002-4F36-92AA-12462562A438}.Debug|Android.ActiveCfg = Debug|Any CPU
		{000BE584-1002-4F36-92AA-12462562A438}.Debug|Android.Build.0 = Debug|Any CPU
		{000BE584-1002-4F36-92AA-12462562A438}.Debug|Any CPU.ActiveCfg = Debug|Any CPU
		{000BE584-1002-4F36-92AA-12462562A438}.Debug|Any CPU.Build.0 = Debug|Any CPU
		{000BE584-1002-4F36-92AA-12462562A438}.Debug|iOS.ActiveCfg = Debug|Any CPU
		{000BE584-1002-4F36-92AA-12462562A438}.Debug|iOS.Build.0 = Debug|Any CPU
		{000BE584-1002-4F36-92AA-12462562A438}.Debug|Windows-ARM.ActiveCfg = Debug|Any CPU
		{000BE584-1002-4F36-92AA-12462562A438}.Debug|Windows-ARM.Build.0 = Debug|Any CPU
		{000BE584-1002-4F36-92AA-12462562A438}.Debug|Windows-x64.ActiveCfg = Debug|Any CPU
		{000BE584-1002-4F36-92AA-12462562A438}.Debug|Windows-x64.Build.0 = Debug|Any CPU
		{000BE584-1002-4F36-92AA-12462562A438}.Debug|Windows-x86.ActiveCfg = Debug|Any CPU
		{000BE584-1002-4F36-92AA-12462562A438}.Debug|Windows-x86.Build.0 = Debug|Any CPU
		{000BE584-1002-4F36-92AA-12462562A438}.Release|Android.ActiveCfg = Release|Any CPU
		{000BE584-1002-4F36-92AA-12462562A438}.Release|Android.Build.0 = Release|Any CPU
		{000BE584-1002-4F36-92AA-12462562A438}.Release|Any CPU.ActiveCfg = Release|Any CPU
		{000BE584-1002-4F36-92AA-12462562A438}.Release|Any CPU.Build.0 = Release|Any CPU
		{000BE584-1002-4F36-92AA-12462562A438}.Release|iOS.ActiveCfg = Release|Any CPU
		{000BE584-1002-4F36-92AA-12462562A438}.Release|iOS.Build.0 = Release|Any CPU
		{000BE584-1002-4F36-92AA-12462562A438}.Release|Windows-ARM.ActiveCfg = Release|Any CPU
		{000BE584-1002-4F36-92AA-12462562A438}.Release|Windows-ARM.Build.0 = Release|Any CPU
		{000BE584-1002-4F36-92AA-12462562A438}.Release|Windows-x64.ActiveCfg = Release|Any CPU
		{000BE584-1002-4F36-92AA-12462562A438}.Release|Windows-x64.Build.0 = Release|Any CPU
		{000BE584-1002-4F36-92AA-12462562A438}.Release|Windows-x86.ActiveCfg = Release|Any CPU
		{000BE584-1002-4F36-92AA-12462562A438}.Release|Windows-x86.Build.0 = Release|Any CPU
		{19238201-C3F8-45C1-A5BC-5F824D3A1EDB}.Debug|Android.ActiveCfg = Debug|Android
		{19238201-C3F8-45C1-A5BC-5F824D3A1EDB}.Debug|Android.Build.0 = Debug|Android
		{19238201-C3F8-45C1-A5BC-5F824D3A1EDB}.Debug|Android.Deploy.0 = Debug|Android
		{19238201-C3F8-45C1-A5BC-5F824D3A1EDB}.Debug|Any CPU.ActiveCfg = Debug|Android
		{19238201-C3F8-45C1-A5BC-5F824D3A1EDB}.Debug|Any CPU.Build.0 = Debug|Android
		{19238201-C3F8-45C1-A5BC-5F824D3A1EDB}.Debug|Any CPU.Deploy.0 = Debug|Android
		{19238201-C3F8-45C1-A5BC-5F824D3A1EDB}.Debug|iOS.ActiveCfg = Debug|iOS
		{19238201-C3F8-45C1-A5BC-5F824D3A1EDB}.Debug|iOS.Build.0 = Debug|iOS
		{19238201-C3F8-45C1-A5BC-5F824D3A1EDB}.Debug|iOS.Deploy.0 = Debug|iOS
		{19238201-C3F8-45C1-A5BC-5F824D3A1EDB}.Debug|Windows-ARM.ActiveCfg = Debug|Windows-ARM
		{19238201-C3F8-45C1-A5BC-5F824D3A1EDB}.Debug|Windows-ARM.Build.0 = Debug|Windows-ARM
		{19238201-C3F8-45C1-A5BC-5F824D3A1EDB}.Debug|Windows-ARM.Deploy.0 = Debug|Windows-ARM
		{19238201-C3F8-45C1-A5BC-5F824D3A1EDB}.Debug|Windows-x64.ActiveCfg = Debug|Windows-x64
		{19238201-C3F8-45C1-A5BC-5F824D3A1EDB}.Debug|Windows-x64.Build.0 = Debug|Windows-x64
		{19238201-C3F8-45C1-A5BC-5F824D3A1EDB}.Debug|Windows-x64.Deploy.0 = Debug|Windows-x64
		{19238201-C3F8-45C1-A5BC-5F824D3A1EDB}.Debug|Windows-x86.ActiveCfg = Debug|Windows-x86
		{19238201-C3F8-45C1-A5BC-5F824D3A1EDB}.Debug|Windows-x86.Build.0 = Debug|Windows-x86
		{19238201-C3F8-45C1-A5BC-5F824D3A1EDB}.Debug|Windows-x86.Deploy.0 = Debug|Windows-x86
		{19238201-C3F8-45C1-A5BC-5F824D3A1EDB}.Release|Android.ActiveCfg = Release|Android
		{19238201-C3F8-45C1-A5BC-5F824D3A1EDB}.Release|Android.Build.0 = Release|Android
		{19238201-C3F8-45C1-A5BC-5F824D3A1EDB}.Release|Android.Deploy.0 = Release|Android
		{19238201-C3F8-45C1-A5BC-5F824D3A1EDB}.Release|Any CPU.ActiveCfg = Release|Android
		{19238201-C3F8-45C1-A5BC-5F824D3A1EDB}.Release|Any CPU.Build.0 = Release|Android
		{19238201-C3F8-45C1-A5BC-5F824D3A1EDB}.Release|Any CPU.Deploy.0 = Release|Android
		{19238201-C3F8-45C1-A5BC-5F824D3A1EDB}.Release|iOS.ActiveCfg = Release|iOS
		{19238201-C3F8-45C1-A5BC-5F824D3A1EDB}.Release|iOS.Build.0 = Release|iOS
		{19238201-C3F8-45C1-A5BC-5F824D3A1EDB}.Release|iOS.Deploy.0 = Release|iOS
		{19238201-C3F8-45C1-A5BC-5F824D3A1EDB}.Release|Windows-ARM.ActiveCfg = Release|Windows-ARM
		{19238201-C3F8-45C1-A5BC-5F824D3A1EDB}.Release|Windows-ARM.Build.0 = Release|Windows-ARM
		{19238201-C3F8-45C1-A5BC-5F824D3A1EDB}.Release|Windows-ARM.Deploy.0 = Release|Windows-ARM
		{19238201-C3F8-45C1-A5BC-5F824D3A1EDB}.Release|Windows-x64.ActiveCfg = Release|Windows-x64
		{19238201-C3F8-45C1-A5BC-5F824D3A1EDB}.Release|Windows-x64.Build.0 = Release|Windows-x64
		{19238201-C3F8-45C1-A5BC-5F824D3A1EDB}.Release|Windows-x64.Deploy.0 = Release|Windows-x64
		{19238201-C3F8-45C1-A5BC-5F824D3A1EDB}.Release|Windows-x86.ActiveCfg = Release|Windows-x86
		{19238201-C3F8-45C1-A5BC-5F824D3A1EDB}.Release|Windows-x86.Build.0 = Release|Windows-x86
		{19238201-C3F8-45C1-A5BC-5F824D3A1EDB}.Release|Windows-x86.Deploy.0 = Release|Windows-x86
	EndGlobalSection
	GlobalSection(SolutionProperties) = preSolution
		HideSolutionNode = FALSE
	EndGlobalSection
	GlobalSection(NestedProjects) = preSolution
		{24D5C95D-8CD5-4720-AA04-35467CFAC222} = {DBC66D50-5172-4AFB-BFB4-45CF764D9D31}
		{404FFED9-EB2D-4EBB-9729-851ECBCEA71D} = {DBC66D50-5172-4AFB-BFB4-45CF764D9D31}
		{D8CB917B-21CA-4B29-8589-2F83BF298D31} = {66526435-8A22-4E03-B126-B45878DC136C}
		{765AE977-947A-4DDA-A66E-F650CEBEFB40} = {66526435-8A22-4E03-B126-B45878DC136C}
		{2831793F-6BD2-4763-B550-4E9E7AFF9477} = {24D5C95D-8CD5-4720-AA04-35467CFAC222}
		{C87A6DF6-016E-4705-927A-CEB88B188475} = {404FFED9-EB2D-4EBB-9729-851ECBCEA71D}
		{55DC8442-299F-491E-ABA0-48BF504A2EF2} = {404FFED9-EB2D-4EBB-9729-851ECBCEA71D}
		{2E85A874-EDBC-4CA7-A79A-9BC1A0F46E43} = {C9CD6367-A4B8-40CC-929A-73D7B04441E5}
		{000BE584-1002-4F36-92AA-12462562A438} = {5AB0EC5C-9278-48C9-BD54-05C99484B428}
	EndGlobalSection
	GlobalSection(ExtensibilityGlobals) = postSolution
		SolutionGuid = {77D96D1A-A8E3-4EA6-B341-09854A863EDA}
	EndGlobalSection
EndGlobal
